<?xml version="1.0" encoding="UTF-8" standalone="yes" ?>
<CodeBlocks_project_file>
	<FileVersion major="1" minor="6" />
	<Project>
		<Option title="mmcommander_sdcc" />
		<Option pch_mode="2" />
		<Option compiler="sdcc" />
		<Build>
			<Target title="Debug">
				<Option output="bin/Debug/mmcommander_sdcc.hex" prefix_auto="1" extension_auto="0" />
				<Option working_dir="" />
				<Option object_output="obj/Debug/" />
				<Option type="5" />
				<Option compiler="sdcc" />
				<Option projectCompilerOptionsRelation="2" />
				<Compiler>
					<Add option="--out-fmt-ihx" />
					<Add option="--model-large" />
					<Add option="-mmcs51" />
					<Add option="--verbose" />
					<Add option="--debug" />
				</Compiler>
			</Target>
			<Target title="Release">
				<Option output="bin/Release/mmcommander_sdcc.hex" prefix_auto="1" extension_auto="0" />
				<Option working_dir="" />
				<Option object_output="obj/Release/" />
				<Option type="5" />
				<Option compiler="sdcc" />
				<Option projectCompilerOptionsRelation="0" />
				<Compiler>
					<Add option="--out-fmt-ihx" />
					<Add option="--model-large" />
					<Add option="-mmcs51" />
					<Add option="--opt-code-size" />
				</Compiler>
			</Target>
		</Build>
		<Unit filename="MMCommander.c">
			<Option compilerVar="CC" />
		</Unit>
		<Unit filename="cc1110.h" />
		<Unit filename="clock.c">
			<Option compilerVar="CC" />
		</Unit>
		<Unit filename="clock.h" />
		<Unit filename="common.h" />
		<Unit filename="configuration.h" />
		<Unit filename="constants.h" />
		<Unit filename="crc_4b6b.c">
			<Option compilerVar="CC" />
		</Unit>
		<Unit filename="crc_4b6b.h" />
		<Unit filename="globals.h" />
		<Unit filename="hal_assert.h" />
		<Unit filename="hal_board.c">
			<Option compilerVar="CC" />
		</Unit>
		<Unit filename="hal_board.h" />
		<Unit filename="hal_cc8051.h" />
		<Unit filename="hal_defs.h" />
		<Unit filename="hal_int.c">
			<Option compilerVar="CC" />
		</Unit>
		<Unit filename="hal_int.h" />
		<Unit filename="hal_led.h" />
		<Unit filename="hal_mcu.c">
			<Option compilerVar="CC" />
		</Unit>
		<Unit filename="hal_mcu.h" />
		<Unit filename="hal_types.h" />
		<Unit filename="hal_uart.c">
			<Option compilerVar="CC" />
		</Unit>
		<Unit filename="hal_uart.h" />
		<Unit filename="init.c">
			<Option compilerVar="CC" />
		</Unit>
		<Unit filename="init.h" />
		<Unit filename="interrupts.c">
			<Option compilerVar="CC" />
		</Unit>
		<Unit filename="interrupts.h" />
		<Unit filename="ioCCxx10_bitdef.h" />
		<Unit filename="medtronicRF.c">
			<Option compilerVar="CC" />
		</Unit>
		<Unit filename="medtronicRF.h" />
		<Unit filename="txFilter.c">
			<Option compilerVar="CC" />
		</Unit>
		<Unit filename="txFilter.h" />
		<Unit filename="util_buffer.c">
			<Option compilerVar="CC" />
		</Unit>
		<Unit filename="util_buffer.h" />
		<Extensions>
			<code_completion />
			<envvars />
			<debugger />
			<lib_finder disable_auto="1" />
			<editor_config active="1" use_tabs="1" tab_indents="1" tab_width="4" indent="4" eol_mode="0" />
		</Extensions>
	</Project>
</CodeBlocks_project_file>
