<?xml version="1.0" encoding="UTF-8" standalone="yes" ?>
<CodeBlocks_project_file>
	<FileVersion major="1" minor="6" />
	<Project>
		<Option title="mmcommander_sdcc" />
		<Option pch_mode="2" />
		<Option compiler="sdcc" />
		<Build>
			<Target title="Debug">
				<Option output="bin/Debug/mmcommander_sdcc.hex" prefix_auto="1" extension_auto="0" />
				<Option working_dir="" />
				<Option object_output="obj/Debug/" />
				<Option type="5" />
				<Option compiler="sdcc" />
				<Option projectCompilerOptionsRelation="2" />
				<Compiler>
					<Add option="--out-fmt-ihx" />
					<Add option="--model-large" />
					<Add option="-mmcs51" />
					<Add option="--verbose" />
					<Add option="--debug" />
					<Add option="--std-c11" />
				</Compiler>
			</Target>
			<Target title="Release">
				<Option output="bin/Release/mmcommander_sdcc.hex" prefix_auto="1" extension_auto="0" />
				<Option working_dir="" />
				<Option object_output="obj/Release/" />
				<Option type="5" />
				<Option compiler="sdcc" />
				<Option projectCompilerOptionsRelation="0" />
				<Compiler>
					<Add option="--out-fmt-ihx" />
					<Add option="--model-large" />
					<Add option="-mmcs51" />
					<Add option="--opt-code-size" />
					<Add option="--std-c11" />
				</Compiler>
			</Target>
		</Build>
		<Unit filename="../mmcommander/src/MMCommander/MMCommander.c">
			<Option compilerVar="CC" />
		</Unit>
		<Unit filename="../mmcommander/src/MMCommander/configuration.h" />
		<Unit filename="../mmcommander/src/MMCommander/constants.h" />
		<Unit filename="../mmcommander/src/MMCommander/crc_4b6b.c">
			<Option compilerVar="CC" />
		</Unit>
		<Unit filename="../mmcommander/src/MMCommander/crc_4b6b.h" />
		<Unit filename="../mmcommander/src/MMCommander/globals.h" />
		<Unit filename="../mmcommander/src/MMCommander/hal_cc8051.h" />
		<Unit filename="../mmcommander/src/MMCommander/hal_defs.h" />
		<Unit filename="../mmcommander/src/MMCommander/hal_types.h" />
		<Unit filename="../mmcommander/src/MMCommander/init.c">
			<Option compilerVar="CC" />
		</Unit>
		<Unit filename="../mmcommander/src/MMCommander/init.h" />
		<Unit filename="../mmcommander/src/MMCommander/interrupts.c">
			<Option compilerVar="CC" />
		</Unit>
		<Unit filename="../mmcommander/src/MMCommander/interrupts.h" />
		<Unit filename="../mmcommander/src/MMCommander/ioCCxx10_bitdef.h" />
		<Unit filename="../mmcommander/src/MMCommander/medtronicRF.c">
			<Option compilerVar="CC" />
		</Unit>
		<Unit filename="../mmcommander/src/MMCommander/medtronicRF.h" />
		<Unit filename="../mmcommander/src/MMCommander/queues.c">
			<Option compilerVar="CC" />
		</Unit>
		<Unit filename="../mmcommander/src/MMCommander/queues.h" />
		<Unit filename="../mmcommander/src/MMCommander/txFilter.c">
			<Option compilerVar="CC" />
		</Unit>
		<Unit filename="../mmcommander/src/MMCommander/txFilter.h" />
		<Unit filename="../mmcommander/src/MMCommander/usb/class_cdc/usb_cdc.h" />
		<Unit filename="../mmcommander/src/MMCommander/usb/class_cdc/usb_cdc_hooks.c">
			<Option compilerVar="CC" />
		</Unit>
		<Unit filename="../mmcommander/src/MMCommander/usb/class_cdc/usb_firmware_library_config.c">
			<Option compilerVar="CC" />
		</Unit>
		<Unit filename="../mmcommander/src/MMCommander/usb/class_cdc/usb_firmware_library_config.h" />
		<Unit filename="../mmcommander/src/MMCommander/usb/class_cdc/usb_firmware_library_headers.h" />
		<Unit filename="../mmcommander/src/MMCommander/usb/class_cdc/usb_uart.c">
			<Option compilerVar="CC" />
		</Unit>
		<Unit filename="../mmcommander/src/MMCommander/usb/class_cdc/usb_uart.h" />
		<Unit filename="../mmcommander/src/MMCommander/usb/library/usb_descriptor.h" />
		<Unit filename="../mmcommander/src/MMCommander/usb/library/usb_descriptor_parser.c">
			<Option compilerVar="CC" />
		</Unit>
		<Unit filename="../mmcommander/src/MMCommander/usb/library/usb_descriptor_parser.h" />
		<Unit filename="../mmcommander/src/MMCommander/usb/library/usb_framework.c">
			<Option compilerVar="CC" />
		</Unit>
		<Unit filename="../mmcommander/src/MMCommander/usb/library/usb_framework.h" />
		<Unit filename="../mmcommander/src/MMCommander/usb/library/usb_framework_structs.h" />
		<Unit filename="../mmcommander/src/MMCommander/usb/library/usb_interrupt.c">
			<Option compilerVar="CC" />
		</Unit>
		<Unit filename="../mmcommander/src/MMCommander/usb/library/usb_interrupt.h" />
		<Unit filename="../mmcommander/src/MMCommander/usb/library/usb_reg.h" />
		<Unit filename="../mmcommander/src/MMCommander/usb/library/usb_standard_requests.c">
			<Option compilerVar="CC" />
		</Unit>
		<Unit filename="../mmcommander/src/MMCommander/usb/library/usb_standard_requests.h" />
		<Unit filename="../mmcommander/src/MMCommander/usb/library/usb_suspend.c">
			<Option compilerVar="CC" />
		</Unit>
		<Unit filename="../mmcommander/src/MMCommander/usb/library/usb_suspend.h" />
		<Unit filename="../mmcommander/src/MMCommander/usb/others/clock.c">
			<Option compilerVar="CC" />
		</Unit>
		<Unit filename="../mmcommander/src/MMCommander/usb/others/clock.h" />
		<Unit filename="../mmcommander/src/MMCommander/usb/others/hal_assert.h" />
		<Unit filename="../mmcommander/src/MMCommander/usb/others/hal_board.c">
			<Option compilerVar="CC" />
		</Unit>
		<Unit filename="../mmcommander/src/MMCommander/usb/others/hal_board.h" />
		<Unit filename="../mmcommander/src/MMCommander/usb/others/hal_cc8051.h" />
		<Unit filename="../mmcommander/src/MMCommander/usb/others/hal_defs.h" />
		<Unit filename="../mmcommander/src/MMCommander/usb/others/hal_int.c">
			<Option compilerVar="CC" />
		</Unit>
		<Unit filename="../mmcommander/src/MMCommander/usb/others/hal_int.h" />
		<Unit filename="../mmcommander/src/MMCommander/usb/others/hal_led.h" />
		<Unit filename="../mmcommander/src/MMCommander/usb/others/hal_mcu.c">
			<Option compilerVar="CC" />
		</Unit>
		<Unit filename="../mmcommander/src/MMCommander/usb/others/hal_mcu.h" />
		<Unit filename="../mmcommander/src/MMCommander/usb/others/hal_types.h" />
		<Unit filename="../mmcommander/src/MMCommander/usb/others/hal_uart.h" />
		<Unit filename="../mmcommander/src/MMCommander/usb/others/hal_uart_usb.c">
			<Option compilerVar="CC" />
		</Unit>
		<Unit filename="../mmcommander/src/MMCommander/usb/others/hal_uart_usb.h" />
		<Unit filename="../mmcommander/src/MMCommander/usb/others/util_buffer.c">
			<Option compilerVar="CC" />
		</Unit>
		<Unit filename="../mmcommander/src/MMCommander/usb/others/util_buffer.h" />
		<Extensions>
			<code_completion />
			<envvars />
			<debugger />
			<lib_finder disable_auto="1" />
			<editor_config active="1" use_tabs="1" tab_indents="1" tab_width="4" indent="4" eol_mode="0" />
		</Extensions>
	</Project>
</CodeBlocks_project_file>
